Microsoft Visual Studio Solution File, Format Version 11.00
# Visual Studio 2008

Project("{AC9FE3EC-5162-E730-1703-A9C3C57CED1D}") = "mobile_tast", "Assembly-CSharp-firstpass.csproj", "{19FCEB82-487A-7FC9-C01C-3ED88263D276}"
EndProject
Project("{AC9FE3EC-5162-E730-1703-A9C3C57CED1D}") = "mobile_tast", "Assembly-CSharp.csproj", "{092A1937-43A5-D1F3-04AB-464B36255A67}"
EndProject
Project("{AC9FE3EC-5162-E730-1703-A9C3C57CED1D}") = "mobile_tast", "Assembly-CSharp-Editor.csproj", "{24E71A91-A613-5A40-E47C-E225B72FFF28}"
EndProject
Global
	GlobalSection(SolutionConfigurationPlatforms) = preSolution
		Debug|Any CPU = Debug|Any CPU
		Release|Any CPU = Release|Any CPU
	EndGlobalSection
	GlobalSection(ProjectConfigurationPlatforms) = postSolution
		{19FCEB82-487A-7FC9-C01C-3ED88263D276}.Debug|Any CPU.ActiveCfg = Debug|Any CPU
		{19FCEB82-487A-7FC9-C01C-3ED88263D276}.Debug|Any CPU.Build.0 = Debug|Any CPU
		{19FCEB82-487A-7FC9-C01C-3ED88263D276}.Release|Any CPU.ActiveCfg = Release|Any CPU
		{19FCEB82-487A-7FC9-C01C-3ED88263D276}.Release|Any CPU.Build.0 = Release|Any CPU
		{092A1937-43A5-D1F3-04AB-464B36255A67}.Debug|Any CPU.ActiveCfg = Debug|Any CPU
		{092A1937-43A5-D1F3-04AB-464B36255A67}.Debug|Any CPU.Build.0 = Debug|Any CPU
		{092A1937-43A5-D1F3-04AB-464B36255A67}.Release|Any CPU.ActiveCfg = Release|Any CPU
		{092A1937-43A5-D1F3-04AB-464B36255A67}.Release|Any CPU.Build.0 = Release|Any CPU
		{24E71A91-A613-5A40-E47C-E225B72FFF28}.Debug|Any CPU.ActiveCfg = Debug|Any CPU
		{24E71A91-A613-5A40-E47C-E225B72FFF28}.Debug|Any CPU.Build.0 = Debug|Any CPU
		{24E71A91-A613-5A40-E47C-E225B72FFF28}.Release|Any CPU.ActiveCfg = Release|Any CPU
		{24E71A91-A613-5A40-E47C-E225B72FFF28}.Release|Any CPU.Build.0 = Release|Any CPU
	EndGlobalSection
	GlobalSection(SolutionProperties) = preSolution
		HideSolutionNode = FALSE
	EndGlobalSection
	GlobalSection(MonoDevelopProperties) = preSolution
		StartupItem = Assembly-CSharp.csproj
	EndGlobalSection
EndGlobal
